dependencies:
  idf:
    source:
      type: idf
    version: 5.3.2
  m5stack/M5GFX:
    component_hash: a0d59be99d469d0144bacf0ddf420cdd2a3328f6c392f074b590b56c20b84763
    dependencies: []
    source:
      registry_url: https://components.espressif.com/
      type: service
    version: 0.2.28
  m5stack/M5Unified:
    component_hash: c724c46511f68cdef357956fb797af558644be707c9adeabd83fce8ce8c8b992
    dependencies:
    - name: m5stack/m5gfx
      registry_url: https://components.espressif.com
      require: private
      version: '>=0.2.27'
    source:
      registry_url: https://components.espressif.com/
      type: service
    version: 0.2.20
  m5stack/m5gfx:
    component_hash: a0d59be99d469d0144bacf0ddf420cdd2a3328f6c392f074b590b56c20b84763
    dependencies: []
    source:
      registry_url: https://components.espressif.com
      type: service
    version: 0.2.28
direct_dependencies:
- idf
- m5stack/M5GFX
- m5stack/M5Unified
manifest_hash: 294ed9ee2017589fad134cde880814aa437621b6fb2b035135a4ca60c066163a
target: esp32
version: 2.0.0
